
Microsoft Visual Studio Solution File, Format Version 12.00
# Visual Studio Version 16
VisualStudioVersion = 16.0.31729.503
MinimumVisualStudioVersion = 10.0.40219.1
Project("{FAE04EC0-301F-11D3-BF4B-00C04F79EFBC}") = "zerbis-chinka", "zerbis-chinka.csproj", "{652DAD09-D10C-4E68-A583-F520150E1DAD}"
EndProject
Global
	GlobalSection(SolutionConfigurationPlatforms) = preSolution
		Debug|Any CPU = Debug|Any CPU
		Release|Any CPU = Release|Any CPU
	EndGlobalSection
	GlobalSection(ProjectConfigurationPlatforms) = postSolution
		{652DAD09-D10C-4E68-A583-F520150E1DAD}.Debug|Any CPU.ActiveCfg = Debug|Any CPU
		{652DAD09-D10C-4E68-A583-F520150E1DAD}.Debug|Any CPU.Build.0 = Debug|Any CPU
		{652DAD09-D10C-4E68-A583-F520150E1DAD}.Release|Any CPU.ActiveCfg = Release|Any CPU
		{652DAD09-D10C-4E68-A583-F520150E1DAD}.Release|Any CPU.Build.0 = Release|Any CPU
	EndGlobalSection
	GlobalSection(SolutionProperties) = preSolution
		HideSolutionNode = FALSE
	EndGlobalSection
	GlobalSection(ExtensibilityGlobals) = postSolution
		SolutionGuid = {A59062E6-8426-447F-A916-E4106AC89A95}
	EndGlobalSection
EndGlobal
